
Microsoft Visual Studio Solution File, Format Version 12.00
# Visual Studio Version 17
VisualStudioVersion = 17.12.35527.113
MinimumVisualStudioVersion = 10.0.40219.1
Project("{2150E333-8FDC-42A3-9474-1A3956D46DE8}") = "Task0", "Task0", "{50B6F256-3B96-4B8C-942A-05CEB4DA37EF}"
EndProject
Project("{FAE04EC0-301F-11D3-BF4B-00C04F79EFBC}") = "Tyuiu.MaslennikovVA.Sprint6.Task0.V1.Lib", "Tyuiu.MaslennikovVA.Sprint6.Task0.V1.Lib\Tyuiu.MaslennikovVA.Sprint6.Task0.V1.Lib.csproj", "{511020BA-042A-49F1-B8C2-31F122F1A750}"
EndProject
Project("{FAE04EC0-301F-11D3-BF4B-00C04F79EFBC}") = "Tyuiu.MaslennikovVA.Sprint6.Task0.V1.Test", "Tyuiu.MaslennikovVA.Sprint6.Task0.V1.Test\Tyuiu.MaslennikovVA.Sprint6.Task0.V1.Test.csproj", "{A3183AD8-D788-42A9-A79E-BA399B6E5AAF}"
EndProject
Project("{FAE04EC0-301F-11D3-BF4B-00C04F79EFBC}") = "Tyuiu.MaslennikovVA.Sprint6.Task0.V1", "Tyuiu.MaslennikovVA.Sprint6.Task0.V1\Tyuiu.MaslennikovVA.Sprint6.Task0.V1.csproj", "{3099FFDC-D79F-46F4-8ED2-9CD809A0FF5D}"
EndProject
Project("{2150E333-8FDC-42A3-9474-1A3956D46DE8}") = "Task1", "Task1", "{4A25A336-EC8C-45DD-AC97-89DD82A65D3C}"
EndProject
Project("{FAE04EC0-301F-11D3-BF4B-00C04F79EFBC}") = "Tyuiu.MaslennikovVA.Sprint6.Task1.V18.Lib", "Tyuiu.MaslennikovVA.Sprint6.Task1.V18.Lib\Tyuiu.MaslennikovVA.Sprint6.Task1.V18.Lib.csproj", "{BCA4892F-6E36-4425-BA42-F0EA4B08083C}"
EndProject
Project("{FAE04EC0-301F-11D3-BF4B-00C04F79EFBC}") = "Tyuiu.MaslennikovVA.Sprint6.Task1.V18.Test", "Tyuiu.MaslennikovVA.Sprint6.Task1.V18.Test\Tyuiu.MaslennikovVA.Sprint6.Task1.V18.Test.csproj", "{49AC4A37-03E2-4D66-B36C-B5362F56F135}"
EndProject
Project("{FAE04EC0-301F-11D3-BF4B-00C04F79EFBC}") = "Tyuiu.MaslennikovVA.Sprint6.Task1.V18", "Tyuiu.MaslennikovVA.Sprint6.Task1.V18\Tyuiu.MaslennikovVA.Sprint6.Task1.V18.csproj", "{9D96A2AF-74FA-443A-8332-8B3E64099F21}"
EndProject
Project("{2150E333-8FDC-42A3-9474-1A3956D46DE8}") = "Task2", "Task2", "{FC3137A5-325E-4BC9-B493-B17B0EE943DA}"
EndProject
Project("{FAE04EC0-301F-11D3-BF4B-00C04F79EFBC}") = "Tyuiu.MaslennikovVA.Sprint6.Task2.V15", "Tyuiu.MaslennikovVA.Sprint6.Task2.V15\Tyuiu.MaslennikovVA.Sprint6.Task2.V15.csproj", "{F95FFACA-23B4-4360-B4F0-C971C97A566A}"
EndProject
Project("{FAE04EC0-301F-11D3-BF4B-00C04F79EFBC}") = "Tyuiu.MaslennikovVA.Sprint6.Task2.V15.Lib", "Tyuiu.MaslennikovVA.Sprint6.Task2.V15.Lib\Tyuiu.MaslennikovVA.Sprint6.Task2.V15.Lib.csproj", "{73BA1972-1C05-40B7-B3D4-0134F9010CDB}"
EndProject
Project("{FAE04EC0-301F-11D3-BF4B-00C04F79EFBC}") = "Tyuiu.MaslennikovVA.Sprint6.Task2.V15.Test", "Tyuiu.MaslennikovVA.Sprint6.Task2.V15.Test\Tyuiu.MaslennikovVA.Sprint6.Task2.V15.Test.csproj", "{00EB2CD4-A4D6-4682-89F9-892125B61AA0}"
EndProject
Global
	GlobalSection(SolutionConfigurationPlatforms) = preSolution
		Debug|Any CPU = Debug|Any CPU
		Release|Any CPU = Release|Any CPU
	EndGlobalSection
	GlobalSection(ProjectConfigurationPlatforms) = postSolution
		{511020BA-042A-49F1-B8C2-31F122F1A750}.Debug|Any CPU.ActiveCfg = Debug|Any CPU
		{511020BA-042A-49F1-B8C2-31F122F1A750}.Debug|Any CPU.Build.0 = Debug|Any CPU
		{511020BA-042A-49F1-B8C2-31F122F1A750}.Release|Any CPU.ActiveCfg = Release|Any CPU
		{511020BA-042A-49F1-B8C2-31F122F1A750}.Release|Any CPU.Build.0 = Release|Any CPU
		{A3183AD8-D788-42A9-A79E-BA399B6E5AAF}.Debug|Any CPU.ActiveCfg = Debug|Any CPU
		{A3183AD8-D788-42A9-A79E-BA399B6E5AAF}.Debug|Any CPU.Build.0 = Debug|Any CPU
		{A3183AD8-D788-42A9-A79E-BA399B6E5AAF}.Release|Any CPU.ActiveCfg = Release|Any CPU
		{A3183AD8-D788-42A9-A79E-BA399B6E5AAF}.Release|Any CPU.Build.0 = Release|Any CPU
		{3099FFDC-D79F-46F4-8ED2-9CD809A0FF5D}.Debug|Any CPU.ActiveCfg = Debug|Any CPU
		{3099FFDC-D79F-46F4-8ED2-9CD809A0FF5D}.Debug|Any CPU.Build.0 = Debug|Any CPU
		{3099FFDC-D79F-46F4-8ED2-9CD809A0FF5D}.Release|Any CPU.ActiveCfg = Release|Any CPU
		{3099FFDC-D79F-46F4-8ED2-9CD809A0FF5D}.Release|Any CPU.Build.0 = Release|Any CPU
		{BCA4892F-6E36-4425-BA42-F0EA4B08083C}.Debug|Any CPU.ActiveCfg = Debug|Any CPU
		{BCA4892F-6E36-4425-BA42-F0EA4B08083C}.Debug|Any CPU.Build.0 = Debug|Any CPU
		{BCA4892F-6E36-4425-BA42-F0EA4B08083C}.Release|Any CPU.ActiveCfg = Release|Any CPU
		{BCA4892F-6E36-4425-BA42-F0EA4B08083C}.Release|Any CPU.Build.0 = Release|Any CPU
		{49AC4A37-03E2-4D66-B36C-B5362F56F135}.Debug|Any CPU.ActiveCfg = Debug|Any CPU
		{49AC4A37-03E2-4D66-B36C-B5362F56F135}.Debug|Any CPU.Build.0 = Debug|Any CPU
		{49AC4A37-03E2-4D66-B36C-B5362F56F135}.Release|Any CPU.ActiveCfg = Release|Any CPU
		{49AC4A37-03E2-4D66-B36C-B5362F56F135}.Release|Any CPU.Build.0 = Release|Any CPU
		{9D96A2AF-74FA-443A-8332-8B3E64099F21}.Debug|Any CPU.ActiveCfg = Debug|Any CPU
		{9D96A2AF-74FA-443A-8332-8B3E64099F21}.Debug|Any CPU.Build.0 = Debug|Any CPU
		{9D96A2AF-74FA-443A-8332-8B3E64099F21}.Release|Any CPU.ActiveCfg = Release|Any CPU
		{9D96A2AF-74FA-443A-8332-8B3E64099F21}.Release|Any CPU.Build.0 = Release|Any CPU
		{F95FFACA-23B4-4360-B4F0-C971C97A566A}.Debug|Any CPU.ActiveCfg = Debug|Any CPU
		{F95FFACA-23B4-4360-B4F0-C971C97A566A}.Debug|Any CPU.Build.0 = Debug|Any CPU
		{F95FFACA-23B4-4360-B4F0-C971C97A566A}.Release|Any CPU.ActiveCfg = Release|Any CPU
		{F95FFACA-23B4-4360-B4F0-C971C97A566A}.Release|Any CPU.Build.0 = Release|Any CPU
		{73BA1972-1C05-40B7-B3D4-0134F9010CDB}.Debug|Any CPU.ActiveCfg = Debug|Any CPU
		{73BA1972-1C05-40B7-B3D4-0134F9010CDB}.Debug|Any CPU.Build.0 = Debug|Any CPU
		{73BA1972-1C05-40B7-B3D4-0134F9010CDB}.Release|Any CPU.ActiveCfg = Release|Any CPU
		{73BA1972-1C05-40B7-B3D4-0134F9010CDB}.Release|Any CPU.Build.0 = Release|Any CPU
		{00EB2CD4-A4D6-4682-89F9-892125B61AA0}.Debug|Any CPU.ActiveCfg = Debug|Any CPU
		{00EB2CD4-A4D6-4682-89F9-892125B61AA0}.Debug|Any CPU.Build.0 = Debug|Any CPU
		{00EB2CD4-A4D6-4682-89F9-892125B61AA0}.Release|Any CPU.ActiveCfg = Release|Any CPU
		{00EB2CD4-A4D6-4682-89F9-892125B61AA0}.Release|Any CPU.Build.0 = Release|Any CPU
	EndGlobalSection
	GlobalSection(SolutionProperties) = preSolution
		HideSolutionNode = FALSE
	EndGlobalSection
	GlobalSection(NestedProjects) = preSolution
		{511020BA-042A-49F1-B8C2-31F122F1A750} = {50B6F256-3B96-4B8C-942A-05CEB4DA37EF}
		{A3183AD8-D788-42A9-A79E-BA399B6E5AAF} = {50B6F256-3B96-4B8C-942A-05CEB4DA37EF}
		{3099FFDC-D79F-46F4-8ED2-9CD809A0FF5D} = {50B6F256-3B96-4B8C-942A-05CEB4DA37EF}
		{BCA4892F-6E36-4425-BA42-F0EA4B08083C} = {4A25A336-EC8C-45DD-AC97-89DD82A65D3C}
		{49AC4A37-03E2-4D66-B36C-B5362F56F135} = {4A25A336-EC8C-45DD-AC97-89DD82A65D3C}
		{9D96A2AF-74FA-443A-8332-8B3E64099F21} = {4A25A336-EC8C-45DD-AC97-89DD82A65D3C}
		{F95FFACA-23B4-4360-B4F0-C971C97A566A} = {FC3137A5-325E-4BC9-B493-B17B0EE943DA}
		{73BA1972-1C05-40B7-B3D4-0134F9010CDB} = {FC3137A5-325E-4BC9-B493-B17B0EE943DA}
		{00EB2CD4-A4D6-4682-89F9-892125B61AA0} = {FC3137A5-325E-4BC9-B493-B17B0EE943DA}
	EndGlobalSection
EndGlobal
